// !$*UTF8*$!
{
	archiveVersion = 1;
	classes = {
	};
	objectVersion = 77;
	objects = {

/* Begin PBXBuildFile section */
		19382371E6FA448535C74259 /* ProfileDetector.swift in Sources */ = {isa = PBXBuildFile; fileRef = 6FE0D39443249C33D29D4760 /* ProfileDetector.swift */; };
		334B3798375C8A2BE48A2D58 /* Profile.swift in Sources */ = {isa = PBXBuildFile; fileRef = 083131959792E259ADABFA20 /* Profile.swift */; };
		44F66F77337346AD02E358DC /* main.swift in Sources */ = {isa = PBXBuildFile; fileRef = FF024EE2F7026AC53AF0A68F /* main.swift */; };
		556C52A7DC4E1B9399F678EE /* main.swift in Sources */ = {isa = PBXBuildFile; fileRef = A69F530544151F29C38E2ABE /* main.swift */; };
		56226E0908E43122B7A12DB9 /* ConfigStore.swift in Sources */ = {isa = PBXBuildFile; fileRef = 2FF24B70AFED06BAFEF360ED /* ConfigStore.swift */; };
		7014CCB028F81C424200A77E /* AppDelegate.swift in Sources */ = {isa = PBXBuildFile; fileRef = 95B40110BD87F0A94BC2C83D /* AppDelegate.swift */; };
		8BE565A6CE6BFFA8AC68C7A3 /* BrowserLauncher.swift in Sources */ = {isa = PBXBuildFile; fileRef = 4D8FD641CEDB27B786027E92 /* BrowserLauncher.swift */; };
		95D550492980C55388ED2A47 /* SettingsView.swift in Sources */ = {isa = PBXBuildFile; fileRef = 2A2ABADA416F8B6633D7F151 /* SettingsView.swift */; };
		981F410D5D9808B93742C8EF /* Assets.xcassets in Resources */ = {isa = PBXBuildFile; fileRef = 9D97AD22FE9A81CAAEC52AFB /* Assets.xcassets */; };
		AB0FAC1E8734C647595FF4ED /* Profile.swift in Sources */ = {isa = PBXBuildFile; fileRef = 083131959792E259ADABFA20 /* Profile.swift */; };
		ACD79C59ADEF9FEAEE797D96 /* SettingsViewModel.swift in Sources */ = {isa = PBXBuildFile; fileRef = 586B1B1F179C05AB5464C80D /* SettingsViewModel.swift */; };
		C1A7F88DB41EC80C6B50360F /* PickerWindowController.swift in Sources */ = {isa = PBXBuildFile; fileRef = 75B69D2F521E064A2A380CA7 /* PickerWindowController.swift */; };
		C9666E5F1AE79C3BE69206E5 /* ProfileDetector.swift in Sources */ = {isa = PBXBuildFile; fileRef = 6FE0D39443249C33D29D4760 /* ProfileDetector.swift */; };
		CECCD926D4A79B0B86BEDC4F /* SettingsWindowController.swift in Sources */ = {isa = PBXBuildFile; fileRef = 32456092F2897BDFECCD64CA /* SettingsWindowController.swift */; };
		DCD858BED77BF703FD4EC246 /* ConfigStore.swift in Sources */ = {isa = PBXBuildFile; fileRef = 2FF24B70AFED06BAFEF360ED /* ConfigStore.swift */; };
		DEAEDB2E9E2069BB8AFC7F4E /* PickerView.swift in Sources */ = {isa = PBXBuildFile; fileRef = 99716F969C9E260E0B26A351 /* PickerView.swift */; };
		ED1038215CCCDB1D8753A90B /* StatusBarController.swift in Sources */ = {isa = PBXBuildFile; fileRef = 5303E2485B749E4FD65E9D53 /* StatusBarController.swift */; };
		F40CD9418476E1B89A73B2C4 /* URLHandler.swift in Sources */ = {isa = PBXBuildFile; fileRef = 463CF429CE2B75069DB82949 /* URLHandler.swift */; };
/* End PBXBuildFile section */

/* Begin PBXFileReference section */
		083131959792E259ADABFA20 /* Profile.swift */ = {isa = PBXFileReference; lastKnownFileType = sourcecode.swift; path = Profile.swift; sourceTree = "<group>"; };
		2A2ABADA416F8B6633D7F151 /* SettingsView.swift */ = {isa = PBXFileReference; lastKnownFileType = sourcecode.swift; path = SettingsView.swift; sourceTree = "<group>"; };
		2FF24B70AFED06BAFEF360ED /* ConfigStore.swift */ = {isa = PBXFileReference; lastKnownFileType = sourcecode.swift; path = ConfigStore.swift; sourceTree = "<group>"; };
		32456092F2897BDFECCD64CA /* SettingsWindowController.swift */ = {isa = PBXFileReference; lastKnownFileType = sourcecode.swift; path = SettingsWindowController.swift; sourceTree = "<group>"; };
		463CF429CE2B75069DB82949 /* URLHandler.swift */ = {isa = PBXFileReference; lastKnownFileType = sourcecode.swift; path = URLHandler.swift; sourceTree = "<group>"; };
		4D8FD641CEDB27B786027E92 /* BrowserLauncher.swift */ = {isa = PBXFileReference; lastKnownFileType = sourcecode.swift; path = BrowserLauncher.swift; sourceTree = "<group>"; };
		5303E2485B749E4FD65E9D53 /* StatusBarController.swift */ = {isa = PBXFileReference; lastKnownFileType = sourcecode.swift; path = StatusBarController.swift; sourceTree = "<group>"; };
		586B1B1F179C05AB5464C80D /* SettingsViewModel.swift */ = {isa = PBXFileReference; lastKnownFileType = sourcecode.swift; path = SettingsViewModel.swift; sourceTree = "<group>"; };
		5A6C940428FCDAC63AD3A1F6 /* ProfileNavigator.entitlements */ = {isa = PBXFileReference; lastKnownFileType = text.plist.entitlements; path = ProfileNavigator.entitlements; sourceTree = "<group>"; };
		6FE0D39443249C33D29D4760 /* ProfileDetector.swift */ = {isa = PBXFileReference; lastKnownFileType = sourcecode.swift; path = ProfileDetector.swift; sourceTree = "<group>"; };
		75B69D2F521E064A2A380CA7 /* PickerWindowController.swift */ = {isa = PBXFileReference; lastKnownFileType = sourcecode.swift; path = PickerWindowController.swift; sourceTree = "<group>"; };
		85CBA5A9E68AC8ED6EABFF4C /* Info.plist */ = {isa = PBXFileReference; lastKnownFileType = text.plist; path = Info.plist; sourceTree = "<group>"; };
		95B40110BD87F0A94BC2C83D /* AppDelegate.swift */ = {isa = PBXFileReference; lastKnownFileType = sourcecode.swift; path = AppDelegate.swift; sourceTree = "<group>"; };
		99716F969C9E260E0B26A351 /* PickerView.swift */ = {isa = PBXFileReference; lastKnownFileType = sourcecode.swift; path = PickerView.swift; sourceTree = "<group>"; };
		9D97AD22FE9A81CAAEC52AFB /* Assets.xcassets */ = {isa = PBXFileReference; lastKnownFileType = folder.assetcatalog; path = Assets.xcassets; sourceTree = "<group>"; };
		A69F530544151F29C38E2ABE /* main.swift */ = {isa = PBXFileReference; lastKnownFileType = sourcecode.swift; path = main.swift; sourceTree = "<group>"; };
		C44730C02B478957288E2734 /* ProfileNavigator.app */ = {isa = PBXFileReference; explicitFileType = wrapper.application; includeInIndex = 0; path = ProfileNavigator.app; sourceTree = BUILT_PRODUCTS_DIR; };
		F9CF3E7A9A5F8AB656F73E6C /* profilenavigator */ = {isa = PBXFileReference; includeInIndex = 0; path = profilenavigator; sourceTree = BUILT_PRODUCTS_DIR; };
		FF024EE2F7026AC53AF0A68F /* main.swift */ = {isa = PBXFileReference; lastKnownFileType = sourcecode.swift; path = main.swift; sourceTree = "<group>"; };
/* End PBXFileReference section */

/* Begin PBXGroup section */
		1DBD1CA3BA29F2AC9A0752BD = {
			isa = PBXGroup;
			children = (
				C3F999514FDB46FCCBDBD8DE /* ProfileNavigator */,
				360D2AD2D5BFA58514BF3715 /* profilenavigator-cli */,
				441C2F2AF2CFA9EF6F1B8DC6 /* Shared */,
				8288B919DD56E87718F37EF5 /* Products */,
			);
			sourceTree = "<group>";
		};
		360D2AD2D5BFA58514BF3715 /* profilenavigator-cli */ = {
			isa = PBXGroup;
			children = (
				A69F530544151F29C38E2ABE /* main.swift */,
			);
			path = "profilenavigator-cli";
			sourceTree = "<group>";
		};
		441C2F2AF2CFA9EF6F1B8DC6 /* Shared */ = {
			isa = PBXGroup;
			children = (
				2FF24B70AFED06BAFEF360ED /* ConfigStore.swift */,
				083131959792E259ADABFA20 /* Profile.swift */,
				6FE0D39443249C33D29D4760 /* ProfileDetector.swift */,
			);
			path = Shared;
			sourceTree = "<group>";
		};
		8288B919DD56E87718F37EF5 /* Products */ = {
			isa = PBXGroup;
			children = (
				F9CF3E7A9A5F8AB656F73E6C /* profilenavigator */,
				C44730C02B478957288E2734 /* ProfileNavigator.app */,
			);
			name = Products;
			sourceTree = "<group>";
		};
		C3F999514FDB46FCCBDBD8DE /* ProfileNavigator */ = {
			isa = PBXGroup;
			children = (
				95B40110BD87F0A94BC2C83D /* AppDelegate.swift */,
				9D97AD22FE9A81CAAEC52AFB /* Assets.xcassets */,
				4D8FD641CEDB27B786027E92 /* BrowserLauncher.swift */,
				85CBA5A9E68AC8ED6EABFF4C /* Info.plist */,
				FF024EE2F7026AC53AF0A68F /* main.swift */,
				99716F969C9E260E0B26A351 /* PickerView.swift */,
				75B69D2F521E064A2A380CA7 /* PickerWindowController.swift */,
				5A6C940428FCDAC63AD3A1F6 /* ProfileNavigator.entitlements */,
				2A2ABADA416F8B6633D7F151 /* SettingsView.swift */,
				586B1B1F179C05AB5464C80D /* SettingsViewModel.swift */,
				32456092F2897BDFECCD64CA /* SettingsWindowController.swift */,
				5303E2485B749E4FD65E9D53 /* StatusBarController.swift */,
				463CF429CE2B75069DB82949 /* URLHandler.swift */,
			);
			path = ProfileNavigator;
			sourceTree = "<group>";
		};
/* End PBXGroup section */

/* Begin PBXNativeTarget section */
		0C052B3D17D27C13A3E81254 /* profilenavigator */ = {
			isa = PBXNativeTarget;
			buildConfigurationList = 0893CE0ACCC33B0D9568D7B9 /* Build configuration list for PBXNativeTarget "profilenavigator" */;
			buildPhases = (
				96C4B4DB8DBBED1252B8867F /* Sources */,
			);
			buildRules = (
			);
			dependencies = (
			);
			name = profilenavigator;
			packageProductDependencies = (
			);
			productName = profilenavigator;
			productReference = F9CF3E7A9A5F8AB656F73E6C /* profilenavigator */;
			productType = "com.apple.product-type.tool";
		};
		7E0E87CD7C0F6CE54FC8A51A /* ProfileNavigator */ = {
			isa = PBXNativeTarget;
			buildConfigurationList = BBEF8329878A78D279E6FE25 /* Build configuration list for PBXNativeTarget "ProfileNavigator" */;
			buildPhases = (
				83B405A435E4ECF81F8B773F /* Sources */,
				5C8857CC1EA49734824B9FBB /* Resources */,
			);
			buildRules = (
			);
			dependencies = (
			);
			name = ProfileNavigator;
			packageProductDependencies = (
			);
			productName = ProfileNavigator;
			productReference = C44730C02B478957288E2734 /* ProfileNavigator.app */;
			productType = "com.apple.product-type.application";
		};
/* End PBXNativeTarget section */

/* Begin PBXProject section */
		1F72F85388D4CDF47D3DBA6D /* Project object */ = {
			isa = PBXProject;
			attributes = {
				BuildIndependentTargetsInParallel = YES;
				LastUpgradeCheck = 1430;
				TargetAttributes = {
					7E0E87CD7C0F6CE54FC8A51A = {
						ProvisioningStyle = Automatic;
					};
				};
			};
			buildConfigurationList = 73659242010339E9477D5F66 /* Build configuration list for PBXProject "ProfileNavigator" */;
			developmentRegion = en;
			hasScannedForEncodings = 0;
			knownRegions = (
				Base,
				en,
			);
			mainGroup = 1DBD1CA3BA29F2AC9A0752BD;
			minimizedProjectReferenceProxies = 1;
			preferredProjectObjectVersion = 77;
			productRefGroup = 8288B919DD56E87718F37EF5 /* Products */;
			projectDirPath = "";
			projectRoot = "";
			targets = (
				7E0E87CD7C0F6CE54FC8A51A /* ProfileNavigator */,
				0C052B3D17D27C13A3E81254 /* profilenavigator */,
			);
		};
/* End PBXProject section */

/* Begin PBXResourcesBuildPhase section */
		5C8857CC1EA49734824B9FBB /* Resources */ = {
			isa = PBXResourcesBuildPhase;
			buildActionMask = 2147483647;
			files = (
				981F410D5D9808B93742C8EF /* Assets.xcassets in Resources */,
			);
			runOnlyForDeploymentPostprocessing = 0;
		};
/* End PBXResourcesBuildPhase section */

/* Begin PBXSourcesBuildPhase section */
		83B405A435E4ECF81F8B773F /* Sources */ = {
			isa = PBXSourcesBuildPhase;
			buildActionMask = 2147483647;
			files = (
				7014CCB028F81C424200A77E /* AppDelegate.swift in Sources */,
				8BE565A6CE6BFFA8AC68C7A3 /* BrowserLauncher.swift in Sources */,
				DCD858BED77BF703FD4EC246 /* ConfigStore.swift in Sources */,
				DEAEDB2E9E2069BB8AFC7F4E /* PickerView.swift in Sources */,
				C1A7F88DB41EC80C6B50360F /* PickerWindowController.swift in Sources */,
				334B3798375C8A2BE48A2D58 /* Profile.swift in Sources */,
				19382371E6FA448535C74259 /* ProfileDetector.swift in Sources */,
				95D550492980C55388ED2A47 /* SettingsView.swift in Sources */,
				ACD79C59ADEF9FEAEE797D96 /* SettingsViewModel.swift in Sources */,
				CECCD926D4A79B0B86BEDC4F /* SettingsWindowController.swift in Sources */,
				ED1038215CCCDB1D8753A90B /* StatusBarController.swift in Sources */,
				F40CD9418476E1B89A73B2C4 /* URLHandler.swift in Sources */,
				44F66F77337346AD02E358DC /* main.swift in Sources */,
			);
			runOnlyForDeploymentPostprocessing = 0;
		};
		96C4B4DB8DBBED1252B8867F /* Sources */ = {
			isa = PBXSourcesBuildPhase;
			buildActionMask = 2147483647;
			files = (
				56226E0908E43122B7A12DB9 /* ConfigStore.swift in Sources */,
				AB0FAC1E8734C647595FF4ED /* Profile.swift in Sources */,
				C9666E5F1AE79C3BE69206E5 /* ProfileDetector.swift in Sources */,
				556C52A7DC4E1B9399F678EE /* main.swift in Sources */,
			);
			runOnlyForDeploymentPostprocessing = 0;
		};
/* End PBXSourcesBuildPhase section */

/* Begin XCBuildConfiguration section */
		434B156BC21C3D6475AA0D84 /* Debug */ = {
			isa = XCBuildConfiguration;
			buildSettings = {
				COMBINE_HIDPI_IMAGES = YES;
				INSTALL_PATH = /usr/local/bin;
				LD_RUNPATH_SEARCH_PATHS = (
					"$(inherited)",
					"@executable_path/../Frameworks",
				);
				PRODUCT_BUNDLE_IDENTIFIER = com.kristoffer.profilenavigator;
				SDKROOT = macosx;
			};
			name = Debug;
		};
		594D6D0802081F61B23A09E6 /* Debug */ = {
			isa = XCBuildConfiguration;
			buildSettings = {
				ASSETCATALOG_COMPILER_APPICON_NAME = AppIcon;
				CODE_SIGN_ENTITLEMENTS = ProfileNavigator/ProfileNavigator.entitlements;
				CODE_SIGN_STYLE = Automatic;
				COMBINE_HIDPI_IMAGES = YES;
				CURRENT_PROJECT_VERSION = 1;
				ENABLE_HARDENED_RUNTIME = YES;
				INFOPLIST_FILE = ProfileNavigator/Info.plist;
				LD_RUNPATH_SEARCH_PATHS = (
					"$(inherited)",
					"@executable_path/../Frameworks",
				);
				MARKETING_VERSION = 1.0.4;
				PRODUCT_BUNDLE_IDENTIFIER = com.kristoffer.ProfileNavigator;
				SDKROOT = macosx;
			};
			name = Debug;
		};
		896B4C034D2AE7D80D84E61E /* Release */ = {
			isa = XCBuildConfiguration;
			buildSettings = {
				ALWAYS_SEARCH_USER_PATHS = NO;
				CLANG_ANALYZER_NONNULL = YES;
				CLANG_ANALYZER_NUMBER_OBJECT_CONVERSION = YES_AGGRESSIVE;
				CLANG_CXX_LANGUAGE_STANDARD = "gnu++14";
				CLANG_CXX_LIBRARY = "libc++";
				CLANG_ENABLE_MODULES = YES;
				CLANG_ENABLE_OBJC_ARC = YES;
				CLANG_ENABLE_OBJC_WEAK = YES;
				CLANG_WARN_BLOCK_CAPTURE_AUTORELEASING = YES;
				CLANG_WARN_BOOL_CONVERSION = YES;
				CLANG_WARN_COMMA = YES;
				CLANG_WARN_CONSTANT_CONVERSION = YES;
				CLANG_WARN_DEPRECATED_OBJC_IMPLEMENTATIONS = YES;
				CLANG_WARN_DIRECT_OBJC_ISA_USAGE = YES_ERROR;
				CLANG_WARN_DOCUMENTATION_COMMENTS = YES;
				CLANG_WARN_EMPTY_BODY = YES;
				CLANG_WARN_ENUM_CONVERSION = YES;
				CLANG_WARN_INFINITE_RECURSION = YES;
				CLANG_WARN_INT_CONVERSION = YES;
				CLANG_WARN_NON_LITERAL_NULL_CONVERSION = YES;
				CLANG_WARN_OBJC_IMPLICIT_RETAIN_SELF = YES;
				CLANG_WARN_OBJC_LITERAL_CONVERSION = YES;
				CLANG_WARN_OBJC_ROOT_CLASS = YES_ERROR;
				CLANG_WARN_QUOTED_INCLUDE_IN_FRAMEWORK_HEADER = YES;
				CLANG_WARN_RANGE_LOOP_ANALYSIS = YES;
				CLANG_WARN_STRICT_PROTOTYPES = YES;
				CLANG_WARN_SUSPICIOUS_MOVE = YES;
				CLANG_WARN_UNGUARDED_AVAILABILITY = YES_AGGRESSIVE;
				CLANG_WARN_UNREACHABLE_CODE = YES;
				CLANG_WARN__DUPLICATE_METHOD_MATCH = YES;
				COPY_PHASE_STRIP = NO;
				DEBUG_INFORMATION_FORMAT = "dwarf-with-dsym";
				ENABLE_NS_ASSERTIONS = NO;
				ENABLE_STRICT_OBJC_MSGSEND = YES;
				GCC_C_LANGUAGE_STANDARD = gnu11;
				GCC_NO_COMMON_BLOCKS = YES;
				GCC_WARN_64_TO_32_BIT_CONVERSION = YES;
				GCC_WARN_ABOUT_RETURN_TYPE = YES_ERROR;
				GCC_WARN_UNDECLARED_SELECTOR = YES;
				GCC_WARN_UNINITIALIZED_AUTOS = YES_AGGRESSIVE;
				GCC_WARN_UNUSED_FUNCTION = YES;
				GCC_WARN_UNUSED_VARIABLE = YES;
				MACOSX_DEPLOYMENT_TARGET = 13.0;
				MTL_ENABLE_DEBUG_INFO = NO;
				MTL_FAST_MATH = YES;
				PRODUCT_NAME = "$(TARGET_NAME)";
				SDKROOT = macosx;
				SWIFT_COMPILATION_MODE = wholemodule;
				SWIFT_OPTIMIZATION_LEVEL = "-O";
				SWIFT_VERSION = 5.9;
			};
			name = Release;
		};
		A318965062459AB68CF8E9DE /* Debug */ = {
			isa = XCBuildConfiguration;
			buildSettings = {
				ALWAYS_SEARCH_USER_PATHS = NO;
				CLANG_ANALYZER_NONNULL = YES;
				CLANG_ANALYZER_NUMBER_OBJECT_CONVERSION = YES_AGGRESSIVE;
				CLANG_CXX_LANGUAGE_STANDARD = "gnu++14";
				CLANG_CXX_LIBRARY = "libc++";
				CLANG_ENABLE_MODULES = YES;
				CLANG_ENABLE_OBJC_ARC = YES;
				CLANG_ENABLE_OBJC_WEAK = YES;
				CLANG_WARN_BLOCK_CAPTURE_AUTORELEASING = YES;
				CLANG_WARN_BOOL_CONVERSION = YES;
				CLANG_WARN_COMMA = YES;
				CLANG_WARN_CONSTANT_CONVERSION = YES;
				CLANG_WARN_DEPRECATED_OBJC_IMPLEMENTATIONS = YES;
				CLANG_WARN_DIRECT_OBJC_ISA_USAGE = YES_ERROR;
				CLANG_WARN_DOCUMENTATION_COMMENTS = YES;
				CLANG_WARN_EMPTY_BODY = YES;
				CLANG_WARN_ENUM_CONVERSION = YES;
				CLANG_WARN_INFINITE_RECURSION = YES;
				CLANG_WARN_INT_CONVERSION = YES;
				CLANG_WARN_NON_LITERAL_NULL_CONVERSION = YES;
				CLANG_WARN_OBJC_IMPLICIT_RETAIN_SELF = YES;
				CLANG_WARN_OBJC_LITERAL_CONVERSION = YES;
				CLANG_WARN_OBJC_ROOT_CLASS = YES_ERROR;
				CLANG_WARN_QUOTED_INCLUDE_IN_FRAMEWORK_HEADER = YES;
				CLANG_WARN_RANGE_LOOP_ANALYSIS = YES;
				CLANG_WARN_STRICT_PROTOTYPES = YES;
				CLANG_WARN_SUSPICIOUS_MOVE = YES;
				CLANG_WARN_UNGUARDED_AVAILABILITY = YES_AGGRESSIVE;
				CLANG_WARN_UNREACHABLE_CODE = YES;
				CLANG_WARN__DUPLICATE_METHOD_MATCH = YES;
				COPY_PHASE_STRIP = NO;
				DEBUG_INFORMATION_FORMAT = dwarf;
				ENABLE_STRICT_OBJC_MSGSEND = YES;
				ENABLE_TESTABILITY = YES;
				GCC_C_LANGUAGE_STANDARD = gnu11;
				GCC_DYNAMIC_NO_PIC = NO;
				GCC_NO_COMMON_BLOCKS = YES;
				GCC_OPTIMIZATION_LEVEL = 0;
				GCC_PREPROCESSOR_DEFINITIONS = (
					"$(inherited)",
					"DEBUG=1",
				);
				GCC_WARN_64_TO_32_BIT_CONVERSION = YES;
				GCC_WARN_ABOUT_RETURN_TYPE = YES_ERROR;
				GCC_WARN_UNDECLARED_SELECTOR = YES;
				GCC_WARN_UNINITIALIZED_AUTOS = YES_AGGRESSIVE;
				GCC_WARN_UNUSED_FUNCTION = YES;
				GCC_WARN_UNUSED_VARIABLE = YES;
				MACOSX_DEPLOYMENT_TARGET = 13.0;
				MTL_ENABLE_DEBUG_INFO = INCLUDE_SOURCE;
				MTL_FAST_MATH = YES;
				ONLY_ACTIVE_ARCH = YES;
				PRODUCT_NAME = "$(TARGET_NAME)";
				SDKROOT = macosx;
				SWIFT_ACTIVE_COMPILATION_CONDITIONS = DEBUG;
				SWIFT_OPTIMIZATION_LEVEL = "-Onone";
				SWIFT_VERSION = 5.9;
			};
			name = Debug;
		};
		B930059B204D36CFBCD40633 /* Release */ = {
			isa = XCBuildConfiguration;
			buildSettings = {
				ASSETCATALOG_COMPILER_APPICON_NAME = AppIcon;
				CODE_SIGN_ENTITLEMENTS = ProfileNavigator/ProfileNavigator.entitlements;
				CODE_SIGN_STYLE = Automatic;
				COMBINE_HIDPI_IMAGES = YES;
				CURRENT_PROJECT_VERSION = 1;
				ENABLE_HARDENED_RUNTIME = YES;
				INFOPLIST_FILE = ProfileNavigator/Info.plist;
				LD_RUNPATH_SEARCH_PATHS = (
					"$(inherited)",
					"@executable_path/../Frameworks",
				);
				MARKETING_VERSION = 1.0.4;
				PRODUCT_BUNDLE_IDENTIFIER = com.kristoffer.ProfileNavigator;
				SDKROOT = macosx;
			};
			name = Release;
		};
		CEF7F512ABDE9C1E00050F4F /* Release */ = {
			isa = XCBuildConfiguration;
			buildSettings = {
				COMBINE_HIDPI_IMAGES = YES;
				INSTALL_PATH = /usr/local/bin;
				LD_RUNPATH_SEARCH_PATHS = (
					"$(inherited)",
					"@executable_path/../Frameworks",
				);
				PRODUCT_BUNDLE_IDENTIFIER = com.kristoffer.profilenavigator;
				SDKROOT = macosx;
			};
			name = Release;
		};
/* End XCBuildConfiguration section */

/* Begin XCConfigurationList section */
		0893CE0ACCC33B0D9568D7B9 /* Build configuration list for PBXNativeTarget "profilenavigator" */ = {
			isa = XCConfigurationList;
			buildConfigurations = (
				434B156BC21C3D6475AA0D84 /* Debug */,
				CEF7F512ABDE9C1E00050F4F /* Release */,
			);
			defaultConfigurationIsVisible = 0;
			defaultConfigurationName = Debug;
		};
		73659242010339E9477D5F66 /* Build configuration list for PBXProject "ProfileNavigator" */ = {
			isa = XCConfigurationList;
			buildConfigurations = (
				A318965062459AB68CF8E9DE /* Debug */,
				896B4C034D2AE7D80D84E61E /* Release */,
			);
			defaultConfigurationIsVisible = 0;
			defaultConfigurationName = Debug;
		};
		BBEF8329878A78D279E6FE25 /* Build configuration list for PBXNativeTarget "ProfileNavigator" */ = {
			isa = XCConfigurationList;
			buildConfigurations = (
				594D6D0802081F61B23A09E6 /* Debug */,
				B930059B204D36CFBCD40633 /* Release */,
			);
			defaultConfigurationIsVisible = 0;
			defaultConfigurationName = Debug;
		};
/* End XCConfigurationList section */
	};
	rootObject = 1F72F85388D4CDF47D3DBA6D /* Project object */;
}
