// !$*UTF8*$!
{
	archiveVersion = 1;
	classes = {
	};
	objectVersion = 77;
	objects = {

/* Begin PBXBuildFile section */
		0A2C43844221E8A95AF0DE73 /* SettingsViewModel.swift in Sources */ = {isa = PBXBuildFile; fileRef = 43BB7D7569894FA3C19F9B92 /* SettingsViewModel.swift */; };
		19382371E6FA448535C74259 /* ProfileDetector.swift in Sources */ = {isa = PBXBuildFile; fileRef = 6FE0D39443249C33D29D4760 /* ProfileDetector.swift */; };
		20376D3702E53F2E8224B383 /* main.swift in Sources */ = {isa = PBXBuildFile; fileRef = 84D888049568A07C90F76DC3 /* main.swift */; };
		27F415339A4FA1F7C0DA72A3 /* SettingsWindowController.swift in Sources */ = {isa = PBXBuildFile; fileRef = 69BD43B7A52DECD99B309FD3 /* SettingsWindowController.swift */; };
		2B80DFA15D628744B35FEDD9 /* URLHandler.swift in Sources */ = {isa = PBXBuildFile; fileRef = 26DC822490E7DEA2B655C93E /* URLHandler.swift */; };
		334B3798375C8A2BE48A2D58 /* Profile.swift in Sources */ = {isa = PBXBuildFile; fileRef = 083131959792E259ADABFA20 /* Profile.swift */; };
		387F1C1048DDE0F705EDCD4E /* BrowserLauncher.swift in Sources */ = {isa = PBXBuildFile; fileRef = F147C0DC0D048A7E5CB99325 /* BrowserLauncher.swift */; };
		3CE5B2DCAE5741092EB5D8D4 /* StatusBarController.swift in Sources */ = {isa = PBXBuildFile; fileRef = FD876E5688D288F28269FE64 /* StatusBarController.swift */; };
		4DD9027F69172A868CADA015 /* AppDelegate.swift in Sources */ = {isa = PBXBuildFile; fileRef = 9A478E2E785E119DCEAF8B8B /* AppDelegate.swift */; };
		56226E0908E43122B7A12DB9 /* ConfigStore.swift in Sources */ = {isa = PBXBuildFile; fileRef = 2FF24B70AFED06BAFEF360ED /* ConfigStore.swift */; };
		6AFE8ABB0D42B41CA768326B /* main.swift in Sources */ = {isa = PBXBuildFile; fileRef = 0D41CDA63D4A5455332547C2 /* main.swift */; };
		AB0FAC1E8734C647595FF4ED /* Profile.swift in Sources */ = {isa = PBXBuildFile; fileRef = 083131959792E259ADABFA20 /* Profile.swift */; };
		B30300F52ADC16FDBA0A5267 /* PickerWindowController.swift in Sources */ = {isa = PBXBuildFile; fileRef = 53B4C9A524C1939F1BA9E84B /* PickerWindowController.swift */; };
		C9666E5F1AE79C3BE69206E5 /* ProfileDetector.swift in Sources */ = {isa = PBXBuildFile; fileRef = 6FE0D39443249C33D29D4760 /* ProfileDetector.swift */; };
		DCD858BED77BF703FD4EC246 /* ConfigStore.swift in Sources */ = {isa = PBXBuildFile; fileRef = 2FF24B70AFED06BAFEF360ED /* ConfigStore.swift */; };
		EE382DFEFEF7B5238A0C4368 /* Assets.xcassets in Resources */ = {isa = PBXBuildFile; fileRef = 6E28D8D5AE7D8C1C8C1DCDCA /* Assets.xcassets */; };
		F0FAF59E71388EDBB0CA770E /* PickerView.swift in Sources */ = {isa = PBXBuildFile; fileRef = 23820F10BF5FA4184F2C6401 /* PickerView.swift */; };
		F988D8B2BEE45149F152F77D /* SettingsView.swift in Sources */ = {isa = PBXBuildFile; fileRef = 98F31F982F48DF661F203E59 /* SettingsView.swift */; };
/* End PBXBuildFile section */

/* Begin PBXFileReference section */
		083131959792E259ADABFA20 /* Profile.swift */ = {isa = PBXFileReference; lastKnownFileType = sourcecode.swift; path = Profile.swift; sourceTree = "<group>"; };
		0A93A60103BAE2B3675898DD /* ProfileNavigator.entitlements */ = {isa = PBXFileReference; lastKnownFileType = text.plist.entitlements; path = ProfileNavigator.entitlements; sourceTree = "<group>"; };
		0D41CDA63D4A5455332547C2 /* main.swift */ = {isa = PBXFileReference; lastKnownFileType = sourcecode.swift; path = main.swift; sourceTree = "<group>"; };
		23820F10BF5FA4184F2C6401 /* PickerView.swift */ = {isa = PBXFileReference; lastKnownFileType = sourcecode.swift; path = PickerView.swift; sourceTree = "<group>"; };
		26DC822490E7DEA2B655C93E /* URLHandler.swift */ = {isa = PBXFileReference; lastKnownFileType = sourcecode.swift; path = URLHandler.swift; sourceTree = "<group>"; };
		2FF24B70AFED06BAFEF360ED /* ConfigStore.swift */ = {isa = PBXFileReference; lastKnownFileType = sourcecode.swift; path = ConfigStore.swift; sourceTree = "<group>"; };
		43BB7D7569894FA3C19F9B92 /* SettingsViewModel.swift */ = {isa = PBXFileReference; lastKnownFileType = sourcecode.swift; path = SettingsViewModel.swift; sourceTree = "<group>"; };
		53B4C9A524C1939F1BA9E84B /* PickerWindowController.swift */ = {isa = PBXFileReference; lastKnownFileType = sourcecode.swift; path = PickerWindowController.swift; sourceTree = "<group>"; };
		69BD43B7A52DECD99B309FD3 /* SettingsWindowController.swift */ = {isa = PBXFileReference; lastKnownFileType = sourcecode.swift; path = SettingsWindowController.swift; sourceTree = "<group>"; };
		6E28D8D5AE7D8C1C8C1DCDCA /* Assets.xcassets */ = {isa = PBXFileReference; lastKnownFileType = folder.assetcatalog; path = Assets.xcassets; sourceTree = "<group>"; };
		6FE0D39443249C33D29D4760 /* ProfileDetector.swift */ = {isa = PBXFileReference; lastKnownFileType = sourcecode.swift; path = ProfileDetector.swift; sourceTree = "<group>"; };
		84D888049568A07C90F76DC3 /* main.swift */ = {isa = PBXFileReference; lastKnownFileType = sourcecode.swift; path = main.swift; sourceTree = "<group>"; };
		98F31F982F48DF661F203E59 /* SettingsView.swift */ = {isa = PBXFileReference; lastKnownFileType = sourcecode.swift; path = SettingsView.swift; sourceTree = "<group>"; };
		9A478E2E785E119DCEAF8B8B /* AppDelegate.swift */ = {isa = PBXFileReference; lastKnownFileType = sourcecode.swift; path = AppDelegate.swift; sourceTree = "<group>"; };
		C44730C02B478957288E2734 /* ProfileNavigator.app */ = {isa = PBXFileReference; explicitFileType = wrapper.application; includeInIndex = 0; path = ProfileNavigator.app; sourceTree = BUILT_PRODUCTS_DIR; };
		ED1B72D82F76DC3954DA8A19 /* Info.plist */ = {isa = PBXFileReference; lastKnownFileType = text.plist; path = Info.plist; sourceTree = "<group>"; };
		F147C0DC0D048A7E5CB99325 /* BrowserLauncher.swift */ = {isa = PBXFileReference; lastKnownFileType = sourcecode.swift; path = BrowserLauncher.swift; sourceTree = "<group>"; };
		F9CF3E7A9A5F8AB656F73E6C /* profilenavigator */ = {isa = PBXFileReference; includeInIndex = 0; path = profilenavigator; sourceTree = BUILT_PRODUCTS_DIR; };
		FD876E5688D288F28269FE64 /* StatusBarController.swift */ = {isa = PBXFileReference; lastKnownFileType = sourcecode.swift; path = StatusBarController.swift; sourceTree = "<group>"; };
/* End PBXFileReference section */

/* Begin PBXGroup section */
		1DBD1CA3BA29F2AC9A0752BD = {
			isa = PBXGroup;
			children = (
				3E93BE9819F637EC235D8D27 /* ProfileNavigator */,
				9C490BCAC0A89D5A82A1EEBE /* browserswitch-cli */,
				441C2F2AF2CFA9EF6F1B8DC6 /* Shared */,
				8288B919DD56E87718F37EF5 /* Products */,
			);
			sourceTree = "<group>";
		};
		3E93BE9819F637EC235D8D27 /* ProfileNavigator */ = {
			isa = PBXGroup;
			children = (
				9A478E2E785E119DCEAF8B8B /* AppDelegate.swift */,
				6E28D8D5AE7D8C1C8C1DCDCA /* Assets.xcassets */,
				F147C0DC0D048A7E5CB99325 /* BrowserLauncher.swift */,
				0A93A60103BAE2B3675898DD /* ProfileNavigator.entitlements */,
				ED1B72D82F76DC3954DA8A19 /* Info.plist */,
				0D41CDA63D4A5455332547C2 /* main.swift */,
				23820F10BF5FA4184F2C6401 /* PickerView.swift */,
				53B4C9A524C1939F1BA9E84B /* PickerWindowController.swift */,
				98F31F982F48DF661F203E59 /* SettingsView.swift */,
				43BB7D7569894FA3C19F9B92 /* SettingsViewModel.swift */,
				69BD43B7A52DECD99B309FD3 /* SettingsWindowController.swift */,
				FD876E5688D288F28269FE64 /* StatusBarController.swift */,
				26DC822490E7DEA2B655C93E /* URLHandler.swift */,
			);
			path = ProfileNavigator;
			sourceTree = "<group>";
		};
		441C2F2AF2CFA9EF6F1B8DC6 /* Shared */ = {
			isa = PBXGroup;
			children = (
				2FF24B70AFED06BAFEF360ED /* ConfigStore.swift */,
				083131959792E259ADABFA20 /* Profile.swift */,
				6FE0D39443249C33D29D4760 /* ProfileDetector.swift */,
			);
			path = Shared;
			sourceTree = "<group>";
		};
		8288B919DD56E87718F37EF5 /* Products */ = {
			isa = PBXGroup;
			children = (
				F9CF3E7A9A5F8AB656F73E6C /* profilenavigator */,
				C44730C02B478957288E2734 /* ProfileNavigator.app */,
			);
			name = Products;
			sourceTree = "<group>";
		};
		9C490BCAC0A89D5A82A1EEBE /* profilenavigator-cli */ = {
			isa = PBXGroup;
			children = (
				84D888049568A07C90F76DC3 /* main.swift */,
			);
			path = "profilenavigator-cli";
			sourceTree = "<group>";
		};
/* End PBXGroup section */

/* Begin PBXNativeTarget section */
		0C052B3D17D27C13A3E81254 /* profilenavigator */ = {
			isa = PBXNativeTarget;
			buildConfigurationList = 0893CE0ACCC33B0D9568D7B9 /* Build configuration list for PBXNativeTarget "profilenavigator" */;
			buildPhases = (
				96C4B4DB8DBBED1252B8867F /* Sources */,
			);
			buildRules = (
			);
			dependencies = (
			);
			name = profilenavigator;
			packageProductDependencies = (
			);
			productName = profilenavigator;
			productReference = F9CF3E7A9A5F8AB656F73E6C /* profilenavigator */;
			productType = "com.apple.product-type.tool";
		};
		7E0E87CD7C0F6CE54FC8A51A /* ProfileNavigator */ = {
			isa = PBXNativeTarget;
			buildConfigurationList = BBEF8329878A78D279E6FE25 /* Build configuration list for PBXNativeTarget "ProfileNavigator" */;
			buildPhases = (
				83B405A435E4ECF81F8B773F /* Sources */,
				5C8857CC1EA49734824B9FBB /* Resources */,
			);
			buildRules = (
			);
			dependencies = (
			);
			name = ProfileNavigator;
			packageProductDependencies = (
			);
			productName = ProfileNavigator;
			productReference = C44730C02B478957288E2734 /* ProfileNavigator.app */;
			productType = "com.apple.product-type.application";
		};
/* End PBXNativeTarget section */

/* Begin PBXProject section */
		1F72F85388D4CDF47D3DBA6D /* Project object */ = {
			isa = PBXProject;
			attributes = {
				BuildIndependentTargetsInParallel = YES;
				LastUpgradeCheck = 1430;
				TargetAttributes = {
					7E0E87CD7C0F6CE54FC8A51A = {
						ProvisioningStyle = Automatic;
					};
				};
			};
			buildConfigurationList = 73659242010339E9477D5F66 /* Build configuration list for PBXProject "ProfileNavigator" */;
			developmentRegion = en;
			hasScannedForEncodings = 0;
			knownRegions = (
				Base,
				en,
			);
			mainGroup = 1DBD1CA3BA29F2AC9A0752BD;
			minimizedProjectReferenceProxies = 1;
			preferredProjectObjectVersion = 77;
			productRefGroup = 8288B919DD56E87718F37EF5 /* Products */;
			projectDirPath = "";
			projectRoot = "";
			targets = (
				7E0E87CD7C0F6CE54FC8A51A /* ProfileNavigator */,
				0C052B3D17D27C13A3E81254 /* profilenavigator */,
			);
		};
/* End PBXProject section */

/* Begin PBXResourcesBuildPhase section */
		5C8857CC1EA49734824B9FBB /* Resources */ = {
			isa = PBXResourcesBuildPhase;
			buildActionMask = 2147483647;
			files = (
				EE382DFEFEF7B5238A0C4368 /* Assets.xcassets in Resources */,
			);
			runOnlyForDeploymentPostprocessing = 0;
		};
/* End PBXResourcesBuildPhase section */

/* Begin PBXSourcesBuildPhase section */
		83B405A435E4ECF81F8B773F /* Sources */ = {
			isa = PBXSourcesBuildPhase;
			buildActionMask = 2147483647;
			files = (
				4DD9027F69172A868CADA015 /* AppDelegate.swift in Sources */,
				387F1C1048DDE0F705EDCD4E /* BrowserLauncher.swift in Sources */,
				DCD858BED77BF703FD4EC246 /* ConfigStore.swift in Sources */,
				F0FAF59E71388EDBB0CA770E /* PickerView.swift in Sources */,
				B30300F52ADC16FDBA0A5267 /* PickerWindowController.swift in Sources */,
				334B3798375C8A2BE48A2D58 /* Profile.swift in Sources */,
				19382371E6FA448535C74259 /* ProfileDetector.swift in Sources */,
				F988D8B2BEE45149F152F77D /* SettingsView.swift in Sources */,
				0A2C43844221E8A95AF0DE73 /* SettingsViewModel.swift in Sources */,
				27F415339A4FA1F7C0DA72A3 /* SettingsWindowController.swift in Sources */,
				3CE5B2DCAE5741092EB5D8D4 /* StatusBarController.swift in Sources */,
				2B80DFA15D628744B35FEDD9 /* URLHandler.swift in Sources */,
				6AFE8ABB0D42B41CA768326B /* main.swift in Sources */,
			);
			runOnlyForDeploymentPostprocessing = 0;
		};
		96C4B4DB8DBBED1252B8867F /* Sources */ = {
			isa = PBXSourcesBuildPhase;
			buildActionMask = 2147483647;
			files = (
				56226E0908E43122B7A12DB9 /* ConfigStore.swift in Sources */,
				AB0FAC1E8734C647595FF4ED /* Profile.swift in Sources */,
				C9666E5F1AE79C3BE69206E5 /* ProfileDetector.swift in Sources */,
				20376D3702E53F2E8224B383 /* main.swift in Sources */,
			);
			runOnlyForDeploymentPostprocessing = 0;
		};
/* End PBXSourcesBuildPhase section */

/* Begin XCBuildConfiguration section */
		434B156BC21C3D6475AA0D84 /* Debug */ = {
			isa = XCBuildConfiguration;
			buildSettings = {
				COMBINE_HIDPI_IMAGES = YES;
				INSTALL_PATH = /usr/local/bin;
				LD_RUNPATH_SEARCH_PATHS = (
					"$(inherited)",
					"@executable_path/../Frameworks",
				);
				PRODUCT_BUNDLE_IDENTIFIER = com.kristoffer.profilenavigator;
				SDKROOT = macosx;
			};
			name = Debug;
		};
		594D6D0802081F61B23A09E6 /* Debug */ = {
			isa = XCBuildConfiguration;
			buildSettings = {
				ASSETCATALOG_COMPILER_APPICON_NAME = AppIcon;
				CODE_SIGN_ENTITLEMENTS = ProfileNavigator/ProfileNavigator.entitlements;
				CODE_SIGN_STYLE = Automatic;
				COMBINE_HIDPI_IMAGES = YES;
				CURRENT_PROJECT_VERSION = 1;
				ENABLE_HARDENED_RUNTIME = YES;
				INFOPLIST_FILE = ProfileNavigator/Info.plist;
				LD_RUNPATH_SEARCH_PATHS = (
					"$(inherited)",
					"@executable_path/../Frameworks",
				);
				MARKETING_VERSION = 1.0.4;
				PRODUCT_BUNDLE_IDENTIFIER = com.kristoffer.ProfileNavigator;
				SDKROOT = macosx;
			};
			name = Debug;
		};
		896B4C034D2AE7D80D84E61E /* Release */ = {
			isa = XCBuildConfiguration;
			buildSettings = {
				ALWAYS_SEARCH_USER_PATHS = NO;
				CLANG_ANALYZER_NONNULL = YES;
				CLANG_ANALYZER_NUMBER_OBJECT_CONVERSION = YES_AGGRESSIVE;
				CLANG_CXX_LANGUAGE_STANDARD = "gnu++14";
				CLANG_CXX_LIBRARY = "libc++";
				CLANG_ENABLE_MODULES = YES;
				CLANG_ENABLE_OBJC_ARC = YES;
				CLANG_ENABLE_OBJC_WEAK = YES;
				CLANG_WARN_BLOCK_CAPTURE_AUTORELEASING = YES;
				CLANG_WARN_BOOL_CONVERSION = YES;
				CLANG_WARN_COMMA = YES;
				CLANG_WARN_CONSTANT_CONVERSION = YES;
				CLANG_WARN_DEPRECATED_OBJC_IMPLEMENTATIONS = YES;
				CLANG_WARN_DIRECT_OBJC_ISA_USAGE = YES_ERROR;
				CLANG_WARN_DOCUMENTATION_COMMENTS = YES;
				CLANG_WARN_EMPTY_BODY = YES;
				CLANG_WARN_ENUM_CONVERSION = YES;
				CLANG_WARN_INFINITE_RECURSION = YES;
				CLANG_WARN_INT_CONVERSION = YES;
				CLANG_WARN_NON_LITERAL_NULL_CONVERSION = YES;
				CLANG_WARN_OBJC_IMPLICIT_RETAIN_SELF = YES;
				CLANG_WARN_OBJC_LITERAL_CONVERSION = YES;
				CLANG_WARN_OBJC_ROOT_CLASS = YES_ERROR;
				CLANG_WARN_QUOTED_INCLUDE_IN_FRAMEWORK_HEADER = YES;
				CLANG_WARN_RANGE_LOOP_ANALYSIS = YES;
				CLANG_WARN_STRICT_PROTOTYPES = YES;
				CLANG_WARN_SUSPICIOUS_MOVE = YES;
				CLANG_WARN_UNGUARDED_AVAILABILITY = YES_AGGRESSIVE;
				CLANG_WARN_UNREACHABLE_CODE = YES;
				CLANG_WARN__DUPLICATE_METHOD_MATCH = YES;
				COPY_PHASE_STRIP = NO;
				DEBUG_INFORMATION_FORMAT = "dwarf-with-dsym";
				ENABLE_NS_ASSERTIONS = NO;
				ENABLE_STRICT_OBJC_MSGSEND = YES;
				GCC_C_LANGUAGE_STANDARD = gnu11;
				GCC_NO_COMMON_BLOCKS = YES;
				GCC_WARN_64_TO_32_BIT_CONVERSION = YES;
				GCC_WARN_ABOUT_RETURN_TYPE = YES_ERROR;
				GCC_WARN_UNDECLARED_SELECTOR = YES;
				GCC_WARN_UNINITIALIZED_AUTOS = YES_AGGRESSIVE;
				GCC_WARN_UNUSED_FUNCTION = YES;
				GCC_WARN_UNUSED_VARIABLE = YES;
				MACOSX_DEPLOYMENT_TARGET = 13.0;
				MTL_ENABLE_DEBUG_INFO = NO;
				MTL_FAST_MATH = YES;
				PRODUCT_NAME = "$(TARGET_NAME)";
				SDKROOT = macosx;
				SWIFT_COMPILATION_MODE = wholemodule;
				SWIFT_OPTIMIZATION_LEVEL = "-O";
				SWIFT_VERSION = 5.9;
			};
			name = Release;
		};
		A318965062459AB68CF8E9DE /* Debug */ = {
			isa = XCBuildConfiguration;
			buildSettings = {
				ALWAYS_SEARCH_USER_PATHS = NO;
				CLANG_ANALYZER_NONNULL = YES;
				CLANG_ANALYZER_NUMBER_OBJECT_CONVERSION = YES_AGGRESSIVE;
				CLANG_CXX_LANGUAGE_STANDARD = "gnu++14";
				CLANG_CXX_LIBRARY = "libc++";
				CLANG_ENABLE_MODULES = YES;
				CLANG_ENABLE_OBJC_ARC = YES;
				CLANG_ENABLE_OBJC_WEAK = YES;
				CLANG_WARN_BLOCK_CAPTURE_AUTORELEASING = YES;
				CLANG_WARN_BOOL_CONVERSION = YES;
				CLANG_WARN_COMMA = YES;
				CLANG_WARN_CONSTANT_CONVERSION = YES;
				CLANG_WARN_DEPRECATED_OBJC_IMPLEMENTATIONS = YES;
				CLANG_WARN_DIRECT_OBJC_ISA_USAGE = YES_ERROR;
				CLANG_WARN_DOCUMENTATION_COMMENTS = YES;
				CLANG_WARN_EMPTY_BODY = YES;
				CLANG_WARN_ENUM_CONVERSION = YES;
				CLANG_WARN_INFINITE_RECURSION = YES;
				CLANG_WARN_INT_CONVERSION = YES;
				CLANG_WARN_NON_LITERAL_NULL_CONVERSION = YES;
				CLANG_WARN_OBJC_IMPLICIT_RETAIN_SELF = YES;
				CLANG_WARN_OBJC_LITERAL_CONVERSION = YES;
				CLANG_WARN_OBJC_ROOT_CLASS = YES_ERROR;
				CLANG_WARN_QUOTED_INCLUDE_IN_FRAMEWORK_HEADER = YES;
				CLANG_WARN_RANGE_LOOP_ANALYSIS = YES;
				CLANG_WARN_STRICT_PROTOTYPES = YES;
				CLANG_WARN_SUSPICIOUS_MOVE = YES;
				CLANG_WARN_UNGUARDED_AVAILABILITY = YES_AGGRESSIVE;
				CLANG_WARN_UNREACHABLE_CODE = YES;
				CLANG_WARN__DUPLICATE_METHOD_MATCH = YES;
				COPY_PHASE_STRIP = NO;
				DEBUG_INFORMATION_FORMAT = dwarf;
				ENABLE_STRICT_OBJC_MSGSEND = YES;
				ENABLE_TESTABILITY = YES;
				GCC_C_LANGUAGE_STANDARD = gnu11;
				GCC_DYNAMIC_NO_PIC = NO;
				GCC_NO_COMMON_BLOCKS = YES;
				GCC_OPTIMIZATION_LEVEL = 0;
				GCC_PREPROCESSOR_DEFINITIONS = (
					"$(inherited)",
					"DEBUG=1",
				);
				GCC_WARN_64_TO_32_BIT_CONVERSION = YES;
				GCC_WARN_ABOUT_RETURN_TYPE = YES_ERROR;
				GCC_WARN_UNDECLARED_SELECTOR = YES;
				GCC_WARN_UNINITIALIZED_AUTOS = YES_AGGRESSIVE;
				GCC_WARN_UNUSED_FUNCTION = YES;
				GCC_WARN_UNUSED_VARIABLE = YES;
				MACOSX_DEPLOYMENT_TARGET = 13.0;
				MTL_ENABLE_DEBUG_INFO = INCLUDE_SOURCE;
				MTL_FAST_MATH = YES;
				ONLY_ACTIVE_ARCH = YES;
				PRODUCT_NAME = "$(TARGET_NAME)";
				SDKROOT = macosx;
				SWIFT_ACTIVE_COMPILATION_CONDITIONS = DEBUG;
				SWIFT_OPTIMIZATION_LEVEL = "-Onone";
				SWIFT_VERSION = 5.9;
			};
			name = Debug;
		};
		B930059B204D36CFBCD40633 /* Release */ = {
			isa = XCBuildConfiguration;
			buildSettings = {
				ASSETCATALOG_COMPILER_APPICON_NAME = AppIcon;
				CODE_SIGN_ENTITLEMENTS = ProfileNavigator/ProfileNavigator.entitlements;
				CODE_SIGN_STYLE = Automatic;
				COMBINE_HIDPI_IMAGES = YES;
				CURRENT_PROJECT_VERSION = 1;
				ENABLE_HARDENED_RUNTIME = YES;
				INFOPLIST_FILE = ProfileNavigator/Info.plist;
				LD_RUNPATH_SEARCH_PATHS = (
					"$(inherited)",
					"@executable_path/../Frameworks",
				);
				MARKETING_VERSION = 1.0.4;
				PRODUCT_BUNDLE_IDENTIFIER = com.kristoffer.ProfileNavigator;
				SDKROOT = macosx;
			};
			name = Release;
		};
		CEF7F512ABDE9C1E00050F4F /* Release */ = {
			isa = XCBuildConfiguration;
			buildSettings = {
				COMBINE_HIDPI_IMAGES = YES;
				INSTALL_PATH = /usr/local/bin;
				LD_RUNPATH_SEARCH_PATHS = (
					"$(inherited)",
					"@executable_path/../Frameworks",
				);
				PRODUCT_BUNDLE_IDENTIFIER = com.kristoffer.profilenavigator;
				SDKROOT = macosx;
			};
			name = Release;
		};
/* End XCBuildConfiguration section */

/* Begin XCConfigurationList section */
		0893CE0ACCC33B0D9568D7B9 /* Build configuration list for PBXNativeTarget "profilenavigator" */ = {
			isa = XCConfigurationList;
			buildConfigurations = (
				434B156BC21C3D6475AA0D84 /* Debug */,
				CEF7F512ABDE9C1E00050F4F /* Release */,
			);
			defaultConfigurationIsVisible = 0;
			defaultConfigurationName = Debug;
		};
		73659242010339E9477D5F66 /* Build configuration list for PBXProject "ProfileNavigator" */ = {
			isa = XCConfigurationList;
			buildConfigurations = (
				A318965062459AB68CF8E9DE /* Debug */,
				896B4C034D2AE7D80D84E61E /* Release */,
			);
			defaultConfigurationIsVisible = 0;
			defaultConfigurationName = Debug;
		};
		BBEF8329878A78D279E6FE25 /* Build configuration list for PBXNativeTarget "ProfileNavigator" */ = {
			isa = XCConfigurationList;
			buildConfigurations = (
				594D6D0802081F61B23A09E6 /* Debug */,
				B930059B204D36CFBCD40633 /* Release */,
			);
			defaultConfigurationIsVisible = 0;
			defaultConfigurationName = Debug;
		};
/* End XCConfigurationList section */
	};
	rootObject = 1F72F85388D4CDF47D3DBA6D /* Project object */;
}
